
Microsoft Visual Studio Solution File, Format Version 12.00
# Visual Studio Version 17
VisualStudioVersion = 17.11.35312.102
MinimumVisualStudioVersion = 10.0.40219.1
Project("{FAE04EC0-301F-11D3-BF4B-00C04F79EFBC}") = "TDDProject", "TDDProject.csproj", "{BE20D288-9C41-4E53-802C-117FD465C9C9}"
EndProject
Project("{FAE04EC0-301F-11D3-BF4B-00C04F79EFBC}") = "TDDProjectTest", "..\TDDProjectTest\TDDProjectTest.csproj", "{0338ED2C-7028-4D84-9239-5D05855A9E81}"
EndProject
Global
	GlobalSection(SolutionConfigurationPlatforms) = preSolution
		Debug|Any CPU = Debug|Any CPU
		Release|Any CPU = Release|Any CPU
	EndGlobalSection
	GlobalSection(ProjectConfigurationPlatforms) = postSolution
		{BE20D288-9C41-4E53-802C-117FD465C9C9}.Debug|Any CPU.ActiveCfg = Debug|Any CPU
		{BE20D288-9C41-4E53-802C-117FD465C9C9}.Debug|Any CPU.Build.0 = Debug|Any CPU
		{BE20D288-9C41-4E53-802C-117FD465C9C9}.Release|Any CPU.ActiveCfg = Release|Any CPU
		{BE20D288-9C41-4E53-802C-117FD465C9C9}.Release|Any CPU.Build.0 = Release|Any CPU
		{0338ED2C-7028-4D84-9239-5D05855A9E81}.Debug|Any CPU.ActiveCfg = Debug|Any CPU
		{0338ED2C-7028-4D84-9239-5D05855A9E81}.Debug|Any CPU.Build.0 = Debug|Any CPU
		{0338ED2C-7028-4D84-9239-5D05855A9E81}.Release|Any CPU.ActiveCfg = Release|Any CPU
		{0338ED2C-7028-4D84-9239-5D05855A9E81}.Release|Any CPU.Build.0 = Release|Any CPU
	EndGlobalSection
	GlobalSection(SolutionProperties) = preSolution
		HideSolutionNode = FALSE
	EndGlobalSection
	GlobalSection(ExtensibilityGlobals) = postSolution
		SolutionGuid = {28DCA828-0B57-4D26-8512-B25C7691A7D0}
	EndGlobalSection
EndGlobal
